
Microsoft Visual Studio Solution File, Format Version 12.00
# Visual Studio Version 17
VisualStudioVersion = 17.9.34723.18
MinimumVisualStudioVersion = 10.0.40219.1
Project("{8BC9CEB8-8B4A-11D0-8D11-00A0C91BC942}") = "FilaView", "..\0\FilaViewer\FilaView\FilaView.vcxproj", "{1BFFA0D9-23E9-3AAC-A65B-40CC9CC67252}"
EndProject
Project("{8BC9CEB8-8B4A-11D0-8D11-00A0C91BC942}") = "ViewTest", "..\0\FilaViewer\ViewTest\ViewTest.vcxproj", "{EB81EEDA-DE90-37A1-9683-E6EAD029D73B}"
EndProject
Project("{8BC9CEB8-8B4A-11D0-8D11-00A0C91BC942}") = "filamat", "..\0\filament\libs\filamat\filamat.vcxproj", "{D15C1A6C-8958-32C9-A0A7-556C8431EACF}"
EndProject
Project("{8BC9CEB8-8B4A-11D0-8D11-00A0C91BC942}") = "filament", "..\0\filament\filament\filament.vcxproj", "{170D0DDD-98DE-329B-8D90-8534765ACB17}"
EndProject
Project("{8BC9CEB8-8B4A-11D0-8D11-00A0C91BC942}") = "backend", "..\0\filament\filament\backend\backend.vcxproj", "{9171BAC3-F35C-3809-B328-7BCDE844235F}"
EndProject
Project("{FAE04EC0-301F-11D3-BF4B-00C04F79EFBC}") = "CSViewer", "CSViewer\CSViewer.csproj", "{C8F4CA31-A01E-CF83-5066-372D9F61C3E4}"
EndProject
Global
	GlobalSection(SolutionConfigurationPlatforms) = preSolution
		Debug|Any CPU = Debug|Any CPU
		Debug|x64 = Debug|x64
		Debug|x86 = Debug|x86
		MinSizeRel|Any CPU = MinSizeRel|Any CPU
		MinSizeRel|x64 = MinSizeRel|x64
		MinSizeRel|x86 = MinSizeRel|x86
		Release|Any CPU = Release|Any CPU
		Release|x64 = Release|x64
		Release|x86 = Release|x86
		RelWithDebInfo|Any CPU = RelWithDebInfo|Any CPU
		RelWithDebInfo|x64 = RelWithDebInfo|x64
		RelWithDebInfo|x86 = RelWithDebInfo|x86
	EndGlobalSection
	GlobalSection(ProjectConfigurationPlatforms) = postSolution
		{1BFFA0D9-23E9-3AAC-A65B-40CC9CC67252}.Debug|Any CPU.ActiveCfg = Debug|x64
		{1BFFA0D9-23E9-3AAC-A65B-40CC9CC67252}.Debug|Any CPU.Build.0 = Debug|x64
		{1BFFA0D9-23E9-3AAC-A65B-40CC9CC67252}.Debug|x64.ActiveCfg = Debug|x64
		{1BFFA0D9-23E9-3AAC-A65B-40CC9CC67252}.Debug|x64.Build.0 = Debug|x64
		{1BFFA0D9-23E9-3AAC-A65B-40CC9CC67252}.Debug|x86.ActiveCfg = Debug|x64
		{1BFFA0D9-23E9-3AAC-A65B-40CC9CC67252}.Debug|x86.Build.0 = Debug|x64
		{1BFFA0D9-23E9-3AAC-A65B-40CC9CC67252}.MinSizeRel|Any CPU.ActiveCfg = MinSizeRel|x64
		{1BFFA0D9-23E9-3AAC-A65B-40CC9CC67252}.MinSizeRel|Any CPU.Build.0 = MinSizeRel|x64
		{1BFFA0D9-23E9-3AAC-A65B-40CC9CC67252}.MinSizeRel|x64.ActiveCfg = MinSizeRel|x64
		{1BFFA0D9-23E9-3AAC-A65B-40CC9CC67252}.MinSizeRel|x64.Build.0 = MinSizeRel|x64
		{1BFFA0D9-23E9-3AAC-A65B-40CC9CC67252}.MinSizeRel|x86.ActiveCfg = MinSizeRel|x64
		{1BFFA0D9-23E9-3AAC-A65B-40CC9CC67252}.MinSizeRel|x86.Build.0 = MinSizeRel|x64
		{1BFFA0D9-23E9-3AAC-A65B-40CC9CC67252}.Release|Any CPU.ActiveCfg = Release|x64
		{1BFFA0D9-23E9-3AAC-A65B-40CC9CC67252}.Release|Any CPU.Build.0 = Release|x64
		{1BFFA0D9-23E9-3AAC-A65B-40CC9CC67252}.Release|x64.ActiveCfg = Release|x64
		{1BFFA0D9-23E9-3AAC-A65B-40CC9CC67252}.Release|x64.Build.0 = Release|x64
		{1BFFA0D9-23E9-3AAC-A65B-40CC9CC67252}.Release|x86.ActiveCfg = Release|x64
		{1BFFA0D9-23E9-3AAC-A65B-40CC9CC67252}.Release|x86.Build.0 = Release|x64
		{1BFFA0D9-23E9-3AAC-A65B-40CC9CC67252}.RelWithDebInfo|Any CPU.ActiveCfg = RelWithDebInfo|x64
		{1BFFA0D9-23E9-3AAC-A65B-40CC9CC67252}.RelWithDebInfo|Any CPU.Build.0 = RelWithDebInfo|x64
		{1BFFA0D9-23E9-3AAC-A65B-40CC9CC67252}.RelWithDebInfo|x64.ActiveCfg = RelWithDebInfo|x64
		{1BFFA0D9-23E9-3AAC-A65B-40CC9CC67252}.RelWithDebInfo|x64.Build.0 = RelWithDebInfo|x64
		{1BFFA0D9-23E9-3AAC-A65B-40CC9CC67252}.RelWithDebInfo|x86.ActiveCfg = RelWithDebInfo|x64
		{1BFFA0D9-23E9-3AAC-A65B-40CC9CC67252}.RelWithDebInfo|x86.Build.0 = RelWithDebInfo|x64
		{EB81EEDA-DE90-37A1-9683-E6EAD029D73B}.Debug|Any CPU.ActiveCfg = Debug|x64
		{EB81EEDA-DE90-37A1-9683-E6EAD029D73B}.Debug|Any CPU.Build.0 = Debug|x64
		{EB81EEDA-DE90-37A1-9683-E6EAD029D73B}.Debug|x64.ActiveCfg = Debug|x64
		{EB81EEDA-DE90-37A1-9683-E6EAD029D73B}.Debug|x64.Build.0 = Debug|x64
		{EB81EEDA-DE90-37A1-9683-E6EAD029D73B}.Debug|x86.ActiveCfg = Debug|x64
		{EB81EEDA-DE90-37A1-9683-E6EAD029D73B}.Debug|x86.Build.0 = Debug|x64
		{EB81EEDA-DE90-37A1-9683-E6EAD029D73B}.MinSizeRel|Any CPU.ActiveCfg = MinSizeRel|x64
		{EB81EEDA-DE90-37A1-9683-E6EAD029D73B}.MinSizeRel|Any CPU.Build.0 = MinSizeRel|x64
		{EB81EEDA-DE90-37A1-9683-E6EAD029D73B}.MinSizeRel|x64.ActiveCfg = MinSizeRel|x64
		{EB81EEDA-DE90-37A1-9683-E6EAD029D73B}.MinSizeRel|x64.Build.0 = MinSizeRel|x64
		{EB81EEDA-DE90-37A1-9683-E6EAD029D73B}.MinSizeRel|x86.ActiveCfg = MinSizeRel|x64
		{EB81EEDA-DE90-37A1-9683-E6EAD029D73B}.MinSizeRel|x86.Build.0 = MinSizeRel|x64
		{EB81EEDA-DE90-37A1-9683-E6EAD029D73B}.Release|Any CPU.ActiveCfg = Release|x64
		{EB81EEDA-DE90-37A1-9683-E6EAD029D73B}.Release|Any CPU.Build.0 = Release|x64
		{EB81EEDA-DE90-37A1-9683-E6EAD029D73B}.Release|x64.ActiveCfg = Release|x64
		{EB81EEDA-DE90-37A1-9683-E6EAD029D73B}.Release|x64.Build.0 = Release|x64
		{EB81EEDA-DE90-37A1-9683-E6EAD029D73B}.Release|x86.ActiveCfg = Release|x64
		{EB81EEDA-DE90-37A1-9683-E6EAD029D73B}.Release|x86.Build.0 = Release|x64
		{EB81EEDA-DE90-37A1-9683-E6EAD029D73B}.RelWithDebInfo|Any CPU.ActiveCfg = RelWithDebInfo|x64
		{EB81EEDA-DE90-37A1-9683-E6EAD029D73B}.RelWithDebInfo|Any CPU.Build.0 = RelWithDebInfo|x64
		{EB81EEDA-DE90-37A1-9683-E6EAD029D73B}.RelWithDebInfo|x64.ActiveCfg = RelWithDebInfo|x64
		{EB81EEDA-DE90-37A1-9683-E6EAD029D73B}.RelWithDebInfo|x64.Build.0 = RelWithDebInfo|x64
		{EB81EEDA-DE90-37A1-9683-E6EAD029D73B}.RelWithDebInfo|x86.ActiveCfg = RelWithDebInfo|x64
		{EB81EEDA-DE90-37A1-9683-E6EAD029D73B}.RelWithDebInfo|x86.Build.0 = RelWithDebInfo|x64
		{D15C1A6C-8958-32C9-A0A7-556C8431EACF}.Debug|Any CPU.ActiveCfg = Debug|x64
		{D15C1A6C-8958-32C9-A0A7-556C8431EACF}.Debug|Any CPU.Build.0 = Debug|x64
		{D15C1A6C-8958-32C9-A0A7-556C8431EACF}.Debug|x64.ActiveCfg = Debug|x64
		{D15C1A6C-8958-32C9-A0A7-556C8431EACF}.Debug|x64.Build.0 = Debug|x64
		{D15C1A6C-8958-32C9-A0A7-556C8431EACF}.Debug|x86.ActiveCfg = Debug|x64
		{D15C1A6C-8958-32C9-A0A7-556C8431EACF}.Debug|x86.Build.0 = Debug|x64
		{D15C1A6C-8958-32C9-A0A7-556C8431EACF}.MinSizeRel|Any CPU.ActiveCfg = MinSizeRel|x64
		{D15C1A6C-8958-32C9-A0A7-556C8431EACF}.MinSizeRel|Any CPU.Build.0 = MinSizeRel|x64
		{D15C1A6C-8958-32C9-A0A7-556C8431EACF}.MinSizeRel|x64.ActiveCfg = MinSizeRel|x64
		{D15C1A6C-8958-32C9-A0A7-556C8431EACF}.MinSizeRel|x64.Build.0 = MinSizeRel|x64
		{D15C1A6C-8958-32C9-A0A7-556C8431EACF}.MinSizeRel|x86.ActiveCfg = MinSizeRel|x64
		{D15C1A6C-8958-32C9-A0A7-556C8431EACF}.MinSizeRel|x86.Build.0 = MinSizeRel|x64
		{D15C1A6C-8958-32C9-A0A7-556C8431EACF}.Release|Any CPU.ActiveCfg = Release|x64
		{D15C1A6C-8958-32C9-A0A7-556C8431EACF}.Release|Any CPU.Build.0 = Release|x64
		{D15C1A6C-8958-32C9-A0A7-556C8431EACF}.Release|x64.ActiveCfg = Release|x64
		{D15C1A6C-8958-32C9-A0A7-556C8431EACF}.Release|x64.Build.0 = Release|x64
		{D15C1A6C-8958-32C9-A0A7-556C8431EACF}.Release|x86.ActiveCfg = Release|x64
		{D15C1A6C-8958-32C9-A0A7-556C8431EACF}.Release|x86.Build.0 = Release|x64
		{D15C1A6C-8958-32C9-A0A7-556C8431EACF}.RelWithDebInfo|Any CPU.ActiveCfg = RelWithDebInfo|x64
		{D15C1A6C-8958-32C9-A0A7-556C8431EACF}.RelWithDebInfo|Any CPU.Build.0 = RelWithDebInfo|x64
		{D15C1A6C-8958-32C9-A0A7-556C8431EACF}.RelWithDebInfo|x64.ActiveCfg = RelWithDebInfo|x64
		{D15C1A6C-8958-32C9-A0A7-556C8431EACF}.RelWithDebInfo|x64.Build.0 = RelWithDebInfo|x64
		{D15C1A6C-8958-32C9-A0A7-556C8431EACF}.RelWithDebInfo|x86.ActiveCfg = RelWithDebInfo|x64
		{D15C1A6C-8958-32C9-A0A7-556C8431EACF}.RelWithDebInfo|x86.Build.0 = RelWithDebInfo|x64
		{170D0DDD-98DE-329B-8D90-8534765ACB17}.Debug|Any CPU.ActiveCfg = Debug|x64
		{170D0DDD-98DE-329B-8D90-8534765ACB17}.Debug|Any CPU.Build.0 = Debug|x64
		{170D0DDD-98DE-329B-8D90-8534765ACB17}.Debug|x64.ActiveCfg = Debug|x64
		{170D0DDD-98DE-329B-8D90-8534765ACB17}.Debug|x64.Build.0 = Debug|x64
		{170D0DDD-98DE-329B-8D90-8534765ACB17}.Debug|x86.ActiveCfg = Debug|x64
		{170D0DDD-98DE-329B-8D90-8534765ACB17}.Debug|x86.Build.0 = Debug|x64
		{170D0DDD-98DE-329B-8D90-8534765ACB17}.MinSizeRel|Any CPU.ActiveCfg = MinSizeRel|x64
		{170D0DDD-98DE-329B-8D90-8534765ACB17}.MinSizeRel|Any CPU.Build.0 = MinSizeRel|x64
		{170D0DDD-98DE-329B-8D90-8534765ACB17}.MinSizeRel|x64.ActiveCfg = MinSizeRel|x64
		{170D0DDD-98DE-329B-8D90-8534765ACB17}.MinSizeRel|x64.Build.0 = MinSizeRel|x64
		{170D0DDD-98DE-329B-8D90-8534765ACB17}.MinSizeRel|x86.ActiveCfg = MinSizeRel|x64
		{170D0DDD-98DE-329B-8D90-8534765ACB17}.MinSizeRel|x86.Build.0 = MinSizeRel|x64
		{170D0DDD-98DE-329B-8D90-8534765ACB17}.Release|Any CPU.ActiveCfg = Release|x64
		{170D0DDD-98DE-329B-8D90-8534765ACB17}.Release|Any CPU.Build.0 = Release|x64
		{170D0DDD-98DE-329B-8D90-8534765ACB17}.Release|x64.ActiveCfg = Release|x64
		{170D0DDD-98DE-329B-8D90-8534765ACB17}.Release|x64.Build.0 = Release|x64
		{170D0DDD-98DE-329B-8D90-8534765ACB17}.Release|x86.ActiveCfg = Release|x64
		{170D0DDD-98DE-329B-8D90-8534765ACB17}.Release|x86.Build.0 = Release|x64
		{170D0DDD-98DE-329B-8D90-8534765ACB17}.RelWithDebInfo|Any CPU.ActiveCfg = RelWithDebInfo|x64
		{170D0DDD-98DE-329B-8D90-8534765ACB17}.RelWithDebInfo|Any CPU.Build.0 = RelWithDebInfo|x64
		{170D0DDD-98DE-329B-8D90-8534765ACB17}.RelWithDebInfo|x64.ActiveCfg = RelWithDebInfo|x64
		{170D0DDD-98DE-329B-8D90-8534765ACB17}.RelWithDebInfo|x64.Build.0 = RelWithDebInfo|x64
		{170D0DDD-98DE-329B-8D90-8534765ACB17}.RelWithDebInfo|x86.ActiveCfg = RelWithDebInfo|x64
		{170D0DDD-98DE-329B-8D90-8534765ACB17}.RelWithDebInfo|x86.Build.0 = RelWithDebInfo|x64
		{9171BAC3-F35C-3809-B328-7BCDE844235F}.Debug|Any CPU.ActiveCfg = Debug|x64
		{9171BAC3-F35C-3809-B328-7BCDE844235F}.Debug|Any CPU.Build.0 = Debug|x64
		{9171BAC3-F35C-3809-B328-7BCDE844235F}.Debug|x64.ActiveCfg = Debug|x64
		{9171BAC3-F35C-3809-B328-7BCDE844235F}.Debug|x64.Build.0 = Debug|x64
		{9171BAC3-F35C-3809-B328-7BCDE844235F}.Debug|x86.ActiveCfg = Debug|x64
		{9171BAC3-F35C-3809-B328-7BCDE844235F}.Debug|x86.Build.0 = Debug|x64
		{9171BAC3-F35C-3809-B328-7BCDE844235F}.MinSizeRel|Any CPU.ActiveCfg = MinSizeRel|x64
		{9171BAC3-F35C-3809-B328-7BCDE844235F}.MinSizeRel|Any CPU.Build.0 = MinSizeRel|x64
		{9171BAC3-F35C-3809-B328-7BCDE844235F}.MinSizeRel|x64.ActiveCfg = MinSizeRel|x64
		{9171BAC3-F35C-3809-B328-7BCDE844235F}.MinSizeRel|x64.Build.0 = MinSizeRel|x64
		{9171BAC3-F35C-3809-B328-7BCDE844235F}.MinSizeRel|x86.ActiveCfg = MinSizeRel|x64
		{9171BAC3-F35C-3809-B328-7BCDE844235F}.MinSizeRel|x86.Build.0 = MinSizeRel|x64
		{9171BAC3-F35C-3809-B328-7BCDE844235F}.Release|Any CPU.ActiveCfg = Release|x64
		{9171BAC3-F35C-3809-B328-7BCDE844235F}.Release|Any CPU.Build.0 = Release|x64
		{9171BAC3-F35C-3809-B328-7BCDE844235F}.Release|x64.ActiveCfg = Release|x64
		{9171BAC3-F35C-3809-B328-7BCDE844235F}.Release|x64.Build.0 = Release|x64
		{9171BAC3-F35C-3809-B328-7BCDE844235F}.Release|x86.ActiveCfg = Release|x64
		{9171BAC3-F35C-3809-B328-7BCDE844235F}.Release|x86.Build.0 = Release|x64
		{9171BAC3-F35C-3809-B328-7BCDE844235F}.RelWithDebInfo|Any CPU.ActiveCfg = RelWithDebInfo|x64
		{9171BAC3-F35C-3809-B328-7BCDE844235F}.RelWithDebInfo|Any CPU.Build.0 = RelWithDebInfo|x64
		{9171BAC3-F35C-3809-B328-7BCDE844235F}.RelWithDebInfo|x64.ActiveCfg = RelWithDebInfo|x64
		{9171BAC3-F35C-3809-B328-7BCDE844235F}.RelWithDebInfo|x64.Build.0 = RelWithDebInfo|x64
		{9171BAC3-F35C-3809-B328-7BCDE844235F}.RelWithDebInfo|x86.ActiveCfg = RelWithDebInfo|x64
		{9171BAC3-F35C-3809-B328-7BCDE844235F}.RelWithDebInfo|x86.Build.0 = RelWithDebInfo|x64
		{C8F4CA31-A01E-CF83-5066-372D9F61C3E4}.Debug|Any CPU.ActiveCfg = Debug|Any CPU
		{C8F4CA31-A01E-CF83-5066-372D9F61C3E4}.Debug|Any CPU.Build.0 = Debug|Any CPU
		{C8F4CA31-A01E-CF83-5066-372D9F61C3E4}.Debug|x64.ActiveCfg = Debug|Any CPU
		{C8F4CA31-A01E-CF83-5066-372D9F61C3E4}.Debug|x64.Build.0 = Debug|Any CPU
		{C8F4CA31-A01E-CF83-5066-372D9F61C3E4}.Debug|x86.ActiveCfg = Debug|Any CPU
		{C8F4CA31-A01E-CF83-5066-372D9F61C3E4}.Debug|x86.Build.0 = Debug|Any CPU
		{C8F4CA31-A01E-CF83-5066-372D9F61C3E4}.MinSizeRel|Any CPU.ActiveCfg = Release|Any CPU
		{C8F4CA31-A01E-CF83-5066-372D9F61C3E4}.MinSizeRel|Any CPU.Build.0 = Release|Any CPU
		{C8F4CA31-A01E-CF83-5066-372D9F61C3E4}.MinSizeRel|x64.ActiveCfg = Release|Any CPU
		{C8F4CA31-A01E-CF83-5066-372D9F61C3E4}.MinSizeRel|x64.Build.0 = Release|Any CPU
		{C8F4CA31-A01E-CF83-5066-372D9F61C3E4}.MinSizeRel|x86.ActiveCfg = Release|Any CPU
		{C8F4CA31-A01E-CF83-5066-372D9F61C3E4}.MinSizeRel|x86.Build.0 = Release|Any CPU
		{C8F4CA31-A01E-CF83-5066-372D9F61C3E4}.Release|Any CPU.ActiveCfg = Release|Any CPU
		{C8F4CA31-A01E-CF83-5066-372D9F61C3E4}.Release|Any CPU.Build.0 = Release|Any CPU
		{C8F4CA31-A01E-CF83-5066-372D9F61C3E4}.Release|x64.ActiveCfg = Release|Any CPU
		{C8F4CA31-A01E-CF83-5066-372D9F61C3E4}.Release|x64.Build.0 = Release|Any CPU
		{C8F4CA31-A01E-CF83-5066-372D9F61C3E4}.Release|x86.ActiveCfg = Release|Any CPU
		{C8F4CA31-A01E-CF83-5066-372D9F61C3E4}.Release|x86.Build.0 = Release|Any CPU
		{C8F4CA31-A01E-CF83-5066-372D9F61C3E4}.RelWithDebInfo|Any CPU.ActiveCfg = Debug|Any CPU
		{C8F4CA31-A01E-CF83-5066-372D9F61C3E4}.RelWithDebInfo|Any CPU.Build.0 = Debug|Any CPU
		{C8F4CA31-A01E-CF83-5066-372D9F61C3E4}.RelWithDebInfo|x64.ActiveCfg = Debug|Any CPU
		{C8F4CA31-A01E-CF83-5066-372D9F61C3E4}.RelWithDebInfo|x64.Build.0 = Debug|Any CPU
		{C8F4CA31-A01E-CF83-5066-372D9F61C3E4}.RelWithDebInfo|x86.ActiveCfg = Debug|Any CPU
		{C8F4CA31-A01E-CF83-5066-372D9F61C3E4}.RelWithDebInfo|x86.Build.0 = Debug|Any CPU
	EndGlobalSection
	GlobalSection(SolutionProperties) = preSolution
		HideSolutionNode = FALSE
	EndGlobalSection
	GlobalSection(ExtensibilityGlobals) = postSolution
		SolutionGuid = {128A2DF7-43F6-417A-AC40-1D96182142D2}
	EndGlobalSection
EndGlobal
