
Microsoft Visual Studio Solution File, Format Version 12.00
# Visual Studio Version 17
VisualStudioVersion = 17.9.34723.18
MinimumVisualStudioVersion = 10.0.40219.1
Project("{9A19103F-16F7-4668-BE54-9A1E7A4F7556}") = "FilaMat", "FilaMat\FilaMat.csproj", "{DD8F79A3-0532-4109-B69B-B4577772533D}"
EndProject
Project("{8BC9CEB8-8B4A-11D0-8D11-00A0C91BC942}") = "FilaView", "FilaView\FilaView.vcxproj", "{49D8F0C8-106F-4D0A-85EF-C00F33EA8972}"
EndProject
Global
	GlobalSection(SolutionConfigurationPlatforms) = preSolution
		Debug|Any CPU = Debug|Any CPU
		Debug|x64 = Debug|x64
		Debug|x86 = Debug|x86
		Release|Any CPU = Release|Any CPU
		Release|x64 = Release|x64
		Release|x86 = Release|x86
	EndGlobalSection
	GlobalSection(ProjectConfigurationPlatforms) = postSolution
		{DD8F79A3-0532-4109-B69B-B4577772533D}.Debug|Any CPU.ActiveCfg = Debug|Any CPU
		{DD8F79A3-0532-4109-B69B-B4577772533D}.Debug|Any CPU.Build.0 = Debug|Any CPU
		{DD8F79A3-0532-4109-B69B-B4577772533D}.Debug|x64.ActiveCfg = Debug|Any CPU
		{DD8F79A3-0532-4109-B69B-B4577772533D}.Debug|x64.Build.0 = Debug|Any CPU
		{DD8F79A3-0532-4109-B69B-B4577772533D}.Debug|x86.ActiveCfg = Debug|Any CPU
		{DD8F79A3-0532-4109-B69B-B4577772533D}.Debug|x86.Build.0 = Debug|Any CPU
		{DD8F79A3-0532-4109-B69B-B4577772533D}.Release|Any CPU.ActiveCfg = Release|Any CPU
		{DD8F79A3-0532-4109-B69B-B4577772533D}.Release|Any CPU.Build.0 = Release|Any CPU
		{DD8F79A3-0532-4109-B69B-B4577772533D}.Release|x64.ActiveCfg = Release|Any CPU
		{DD8F79A3-0532-4109-B69B-B4577772533D}.Release|x64.Build.0 = Release|Any CPU
		{DD8F79A3-0532-4109-B69B-B4577772533D}.Release|x86.ActiveCfg = Release|Any CPU
		{DD8F79A3-0532-4109-B69B-B4577772533D}.Release|x86.Build.0 = Release|Any CPU
		{49D8F0C8-106F-4D0A-85EF-C00F33EA8972}.Debug|Any CPU.ActiveCfg = Debug|x64
		{49D8F0C8-106F-4D0A-85EF-C00F33EA8972}.Debug|Any CPU.Build.0 = Debug|x64
		{49D8F0C8-106F-4D0A-85EF-C00F33EA8972}.Debug|x64.ActiveCfg = Debug|x64
		{49D8F0C8-106F-4D0A-85EF-C00F33EA8972}.Debug|x64.Build.0 = Debug|x64
		{49D8F0C8-106F-4D0A-85EF-C00F33EA8972}.Debug|x86.ActiveCfg = Debug|Win32
		{49D8F0C8-106F-4D0A-85EF-C00F33EA8972}.Debug|x86.Build.0 = Debug|Win32
		{49D8F0C8-106F-4D0A-85EF-C00F33EA8972}.Release|Any CPU.ActiveCfg = Release|x64
		{49D8F0C8-106F-4D0A-85EF-C00F33EA8972}.Release|Any CPU.Build.0 = Release|x64
		{49D8F0C8-106F-4D0A-85EF-C00F33EA8972}.Release|x64.ActiveCfg = Release|x64
		{49D8F0C8-106F-4D0A-85EF-C00F33EA8972}.Release|x64.Build.0 = Release|x64
		{49D8F0C8-106F-4D0A-85EF-C00F33EA8972}.Release|x86.ActiveCfg = Release|Win32
		{49D8F0C8-106F-4D0A-85EF-C00F33EA8972}.Release|x86.Build.0 = Release|Win32
	EndGlobalSection
	GlobalSection(SolutionProperties) = preSolution
		HideSolutionNode = FALSE
	EndGlobalSection
	GlobalSection(ExtensibilityGlobals) = postSolution
		SolutionGuid = {128A2DF7-43F6-417A-AC40-1D96182142D2}
	EndGlobalSection
EndGlobal
