
Microsoft Visual Studio Solution File, Format Version 12.00
# Visual Studio Version 17
VisualStudioVersion = 17.9.34723.18
MinimumVisualStudioVersion = 10.0.40219.1
Project("{9A19103F-16F7-4668-BE54-9A1E7A4F7556}") = "FilaMat", "FilaMat\FilaMat.csproj", "{DD8F79A3-0532-4109-B69B-B4577772533D}"
EndProject
Project("{8BC9CEB8-8B4A-11D0-8D11-00A0C91BC942}") = "FilaView", "..\0\FilaViewer\FilaView\FilaView.vcxproj", "{C6B1C0B5-100C-3F6B-8994-E883BE28C88E}"
EndProject
Project("{8BC9CEB8-8B4A-11D0-8D11-00A0C91BC942}") = "ViewForm", "..\0\FilaViewer\ViewForm\ViewForm.vcxproj", "{E82014A3-F44C-3133-A669-6FE5A96044A8}"
EndProject
Project("{8BC9CEB8-8B4A-11D0-8D11-00A0C91BC942}") = "ViewTest", "..\0\FilaViewer\ViewTest\ViewTest.vcxproj", "{1AF8D22A-EDCB-3D96-A1AA-3C82A277FD26}"
EndProject
Global
	GlobalSection(SolutionConfigurationPlatforms) = preSolution
		Debug|Any CPU = Debug|Any CPU
		Debug|x64 = Debug|x64
		Debug|x86 = Debug|x86
		MinSizeRel|Any CPU = MinSizeRel|Any CPU
		MinSizeRel|x64 = MinSizeRel|x64
		MinSizeRel|x86 = MinSizeRel|x86
		Release|Any CPU = Release|Any CPU
		Release|x64 = Release|x64
		Release|x86 = Release|x86
		RelWithDebInfo|Any CPU = RelWithDebInfo|Any CPU
		RelWithDebInfo|x64 = RelWithDebInfo|x64
		RelWithDebInfo|x86 = RelWithDebInfo|x86
	EndGlobalSection
	GlobalSection(ProjectConfigurationPlatforms) = postSolution
		{DD8F79A3-0532-4109-B69B-B4577772533D}.Debug|Any CPU.ActiveCfg = Debug|Any CPU
		{DD8F79A3-0532-4109-B69B-B4577772533D}.Debug|Any CPU.Build.0 = Debug|Any CPU
		{DD8F79A3-0532-4109-B69B-B4577772533D}.Debug|x64.ActiveCfg = Debug|Any CPU
		{DD8F79A3-0532-4109-B69B-B4577772533D}.Debug|x64.Build.0 = Debug|Any CPU
		{DD8F79A3-0532-4109-B69B-B4577772533D}.Debug|x86.ActiveCfg = Debug|Any CPU
		{DD8F79A3-0532-4109-B69B-B4577772533D}.Debug|x86.Build.0 = Debug|Any CPU
		{DD8F79A3-0532-4109-B69B-B4577772533D}.MinSizeRel|Any CPU.ActiveCfg = Release|Any CPU
		{DD8F79A3-0532-4109-B69B-B4577772533D}.MinSizeRel|Any CPU.Build.0 = Release|Any CPU
		{DD8F79A3-0532-4109-B69B-B4577772533D}.MinSizeRel|x64.ActiveCfg = Release|Any CPU
		{DD8F79A3-0532-4109-B69B-B4577772533D}.MinSizeRel|x64.Build.0 = Release|Any CPU
		{DD8F79A3-0532-4109-B69B-B4577772533D}.MinSizeRel|x86.ActiveCfg = Release|Any CPU
		{DD8F79A3-0532-4109-B69B-B4577772533D}.MinSizeRel|x86.Build.0 = Release|Any CPU
		{DD8F79A3-0532-4109-B69B-B4577772533D}.Release|Any CPU.ActiveCfg = Release|Any CPU
		{DD8F79A3-0532-4109-B69B-B4577772533D}.Release|Any CPU.Build.0 = Release|Any CPU
		{DD8F79A3-0532-4109-B69B-B4577772533D}.Release|x64.ActiveCfg = Release|Any CPU
		{DD8F79A3-0532-4109-B69B-B4577772533D}.Release|x64.Build.0 = Release|Any CPU
		{DD8F79A3-0532-4109-B69B-B4577772533D}.Release|x86.ActiveCfg = Release|Any CPU
		{DD8F79A3-0532-4109-B69B-B4577772533D}.Release|x86.Build.0 = Release|Any CPU
		{DD8F79A3-0532-4109-B69B-B4577772533D}.RelWithDebInfo|Any CPU.ActiveCfg = Release|Any CPU
		{DD8F79A3-0532-4109-B69B-B4577772533D}.RelWithDebInfo|Any CPU.Build.0 = Release|Any CPU
		{DD8F79A3-0532-4109-B69B-B4577772533D}.RelWithDebInfo|x64.ActiveCfg = Release|Any CPU
		{DD8F79A3-0532-4109-B69B-B4577772533D}.RelWithDebInfo|x64.Build.0 = Release|Any CPU
		{DD8F79A3-0532-4109-B69B-B4577772533D}.RelWithDebInfo|x86.ActiveCfg = Release|Any CPU
		{DD8F79A3-0532-4109-B69B-B4577772533D}.RelWithDebInfo|x86.Build.0 = Release|Any CPU
		{C6B1C0B5-100C-3F6B-8994-E883BE28C88E}.Debug|Any CPU.ActiveCfg = Debug|x64
		{C6B1C0B5-100C-3F6B-8994-E883BE28C88E}.Debug|Any CPU.Build.0 = Debug|x64
		{C6B1C0B5-100C-3F6B-8994-E883BE28C88E}.Debug|x64.ActiveCfg = Debug|x64
		{C6B1C0B5-100C-3F6B-8994-E883BE28C88E}.Debug|x64.Build.0 = Debug|x64
		{C6B1C0B5-100C-3F6B-8994-E883BE28C88E}.Debug|x86.ActiveCfg = Debug|x64
		{C6B1C0B5-100C-3F6B-8994-E883BE28C88E}.Debug|x86.Build.0 = Debug|x64
		{C6B1C0B5-100C-3F6B-8994-E883BE28C88E}.MinSizeRel|Any CPU.ActiveCfg = MinSizeRel|x64
		{C6B1C0B5-100C-3F6B-8994-E883BE28C88E}.MinSizeRel|Any CPU.Build.0 = MinSizeRel|x64
		{C6B1C0B5-100C-3F6B-8994-E883BE28C88E}.MinSizeRel|x64.ActiveCfg = MinSizeRel|x64
		{C6B1C0B5-100C-3F6B-8994-E883BE28C88E}.MinSizeRel|x64.Build.0 = MinSizeRel|x64
		{C6B1C0B5-100C-3F6B-8994-E883BE28C88E}.MinSizeRel|x86.ActiveCfg = MinSizeRel|x64
		{C6B1C0B5-100C-3F6B-8994-E883BE28C88E}.MinSizeRel|x86.Build.0 = MinSizeRel|x64
		{C6B1C0B5-100C-3F6B-8994-E883BE28C88E}.Release|Any CPU.ActiveCfg = Release|x64
		{C6B1C0B5-100C-3F6B-8994-E883BE28C88E}.Release|Any CPU.Build.0 = Release|x64
		{C6B1C0B5-100C-3F6B-8994-E883BE28C88E}.Release|x64.ActiveCfg = Release|x64
		{C6B1C0B5-100C-3F6B-8994-E883BE28C88E}.Release|x64.Build.0 = Release|x64
		{C6B1C0B5-100C-3F6B-8994-E883BE28C88E}.Release|x86.ActiveCfg = Release|x64
		{C6B1C0B5-100C-3F6B-8994-E883BE28C88E}.Release|x86.Build.0 = Release|x64
		{C6B1C0B5-100C-3F6B-8994-E883BE28C88E}.RelWithDebInfo|Any CPU.ActiveCfg = RelWithDebInfo|x64
		{C6B1C0B5-100C-3F6B-8994-E883BE28C88E}.RelWithDebInfo|Any CPU.Build.0 = RelWithDebInfo|x64
		{C6B1C0B5-100C-3F6B-8994-E883BE28C88E}.RelWithDebInfo|x64.ActiveCfg = RelWithDebInfo|x64
		{C6B1C0B5-100C-3F6B-8994-E883BE28C88E}.RelWithDebInfo|x64.Build.0 = RelWithDebInfo|x64
		{C6B1C0B5-100C-3F6B-8994-E883BE28C88E}.RelWithDebInfo|x86.ActiveCfg = RelWithDebInfo|x64
		{C6B1C0B5-100C-3F6B-8994-E883BE28C88E}.RelWithDebInfo|x86.Build.0 = RelWithDebInfo|x64
		{E82014A3-F44C-3133-A669-6FE5A96044A8}.Debug|Any CPU.ActiveCfg = Debug|x64
		{E82014A3-F44C-3133-A669-6FE5A96044A8}.Debug|Any CPU.Build.0 = Debug|x64
		{E82014A3-F44C-3133-A669-6FE5A96044A8}.Debug|x64.ActiveCfg = Debug|x64
		{E82014A3-F44C-3133-A669-6FE5A96044A8}.Debug|x64.Build.0 = Debug|x64
		{E82014A3-F44C-3133-A669-6FE5A96044A8}.Debug|x86.ActiveCfg = Debug|x64
		{E82014A3-F44C-3133-A669-6FE5A96044A8}.Debug|x86.Build.0 = Debug|x64
		{E82014A3-F44C-3133-A669-6FE5A96044A8}.MinSizeRel|Any CPU.ActiveCfg = MinSizeRel|x64
		{E82014A3-F44C-3133-A669-6FE5A96044A8}.MinSizeRel|Any CPU.Build.0 = MinSizeRel|x64
		{E82014A3-F44C-3133-A669-6FE5A96044A8}.MinSizeRel|x64.ActiveCfg = MinSizeRel|x64
		{E82014A3-F44C-3133-A669-6FE5A96044A8}.MinSizeRel|x64.Build.0 = MinSizeRel|x64
		{E82014A3-F44C-3133-A669-6FE5A96044A8}.MinSizeRel|x86.ActiveCfg = MinSizeRel|x64
		{E82014A3-F44C-3133-A669-6FE5A96044A8}.MinSizeRel|x86.Build.0 = MinSizeRel|x64
		{E82014A3-F44C-3133-A669-6FE5A96044A8}.Release|Any CPU.ActiveCfg = Release|x64
		{E82014A3-F44C-3133-A669-6FE5A96044A8}.Release|Any CPU.Build.0 = Release|x64
		{E82014A3-F44C-3133-A669-6FE5A96044A8}.Release|x64.ActiveCfg = Release|x64
		{E82014A3-F44C-3133-A669-6FE5A96044A8}.Release|x64.Build.0 = Release|x64
		{E82014A3-F44C-3133-A669-6FE5A96044A8}.Release|x86.ActiveCfg = Release|x64
		{E82014A3-F44C-3133-A669-6FE5A96044A8}.Release|x86.Build.0 = Release|x64
		{E82014A3-F44C-3133-A669-6FE5A96044A8}.RelWithDebInfo|Any CPU.ActiveCfg = RelWithDebInfo|x64
		{E82014A3-F44C-3133-A669-6FE5A96044A8}.RelWithDebInfo|Any CPU.Build.0 = RelWithDebInfo|x64
		{E82014A3-F44C-3133-A669-6FE5A96044A8}.RelWithDebInfo|x64.ActiveCfg = RelWithDebInfo|x64
		{E82014A3-F44C-3133-A669-6FE5A96044A8}.RelWithDebInfo|x64.Build.0 = RelWithDebInfo|x64
		{E82014A3-F44C-3133-A669-6FE5A96044A8}.RelWithDebInfo|x86.ActiveCfg = RelWithDebInfo|x64
		{E82014A3-F44C-3133-A669-6FE5A96044A8}.RelWithDebInfo|x86.Build.0 = RelWithDebInfo|x64
		{1AF8D22A-EDCB-3D96-A1AA-3C82A277FD26}.Debug|Any CPU.ActiveCfg = Debug|x64
		{1AF8D22A-EDCB-3D96-A1AA-3C82A277FD26}.Debug|Any CPU.Build.0 = Debug|x64
		{1AF8D22A-EDCB-3D96-A1AA-3C82A277FD26}.Debug|x64.ActiveCfg = Debug|x64
		{1AF8D22A-EDCB-3D96-A1AA-3C82A277FD26}.Debug|x64.Build.0 = Debug|x64
		{1AF8D22A-EDCB-3D96-A1AA-3C82A277FD26}.Debug|x86.ActiveCfg = Debug|x64
		{1AF8D22A-EDCB-3D96-A1AA-3C82A277FD26}.Debug|x86.Build.0 = Debug|x64
		{1AF8D22A-EDCB-3D96-A1AA-3C82A277FD26}.MinSizeRel|Any CPU.ActiveCfg = MinSizeRel|x64
		{1AF8D22A-EDCB-3D96-A1AA-3C82A277FD26}.MinSizeRel|Any CPU.Build.0 = MinSizeRel|x64
		{1AF8D22A-EDCB-3D96-A1AA-3C82A277FD26}.MinSizeRel|x64.ActiveCfg = MinSizeRel|x64
		{1AF8D22A-EDCB-3D96-A1AA-3C82A277FD26}.MinSizeRel|x64.Build.0 = MinSizeRel|x64
		{1AF8D22A-EDCB-3D96-A1AA-3C82A277FD26}.MinSizeRel|x86.ActiveCfg = MinSizeRel|x64
		{1AF8D22A-EDCB-3D96-A1AA-3C82A277FD26}.MinSizeRel|x86.Build.0 = MinSizeRel|x64
		{1AF8D22A-EDCB-3D96-A1AA-3C82A277FD26}.Release|Any CPU.ActiveCfg = Release|x64
		{1AF8D22A-EDCB-3D96-A1AA-3C82A277FD26}.Release|Any CPU.Build.0 = Release|x64
		{1AF8D22A-EDCB-3D96-A1AA-3C82A277FD26}.Release|x64.ActiveCfg = Release|x64
		{1AF8D22A-EDCB-3D96-A1AA-3C82A277FD26}.Release|x64.Build.0 = Release|x64
		{1AF8D22A-EDCB-3D96-A1AA-3C82A277FD26}.Release|x86.ActiveCfg = Release|x64
		{1AF8D22A-EDCB-3D96-A1AA-3C82A277FD26}.Release|x86.Build.0 = Release|x64
		{1AF8D22A-EDCB-3D96-A1AA-3C82A277FD26}.RelWithDebInfo|Any CPU.ActiveCfg = RelWithDebInfo|x64
		{1AF8D22A-EDCB-3D96-A1AA-3C82A277FD26}.RelWithDebInfo|Any CPU.Build.0 = RelWithDebInfo|x64
		{1AF8D22A-EDCB-3D96-A1AA-3C82A277FD26}.RelWithDebInfo|x64.ActiveCfg = RelWithDebInfo|x64
		{1AF8D22A-EDCB-3D96-A1AA-3C82A277FD26}.RelWithDebInfo|x64.Build.0 = RelWithDebInfo|x64
		{1AF8D22A-EDCB-3D96-A1AA-3C82A277FD26}.RelWithDebInfo|x86.ActiveCfg = RelWithDebInfo|x64
		{1AF8D22A-EDCB-3D96-A1AA-3C82A277FD26}.RelWithDebInfo|x86.Build.0 = RelWithDebInfo|x64
	EndGlobalSection
	GlobalSection(SolutionProperties) = preSolution
		HideSolutionNode = FALSE
	EndGlobalSection
	GlobalSection(ExtensibilityGlobals) = postSolution
		SolutionGuid = {128A2DF7-43F6-417A-AC40-1D96182142D2}
	EndGlobalSection
EndGlobal
