
Microsoft Visual Studio Solution File, Format Version 12.00
# Visual Studio Version 17
VisualStudioVersion = 17.9.34723.18
MinimumVisualStudioVersion = 10.0.40219.1
Project("{8BC9CEB8-8B4A-11D0-8D11-00A0C91BC942}") = "FilaView", "..\0\FilaViewer\FilaView\FilaView.vcxproj", "{C6B1C0B5-100C-3F6B-8994-E883BE28C88E}"
EndProject
Project("{8BC9CEB8-8B4A-11D0-8D11-00A0C91BC942}") = "ViewTest", "..\0\FilaViewer\ViewTest\ViewTest.vcxproj", "{1AF8D22A-EDCB-3D96-A1AA-3C82A277FD26}"
EndProject
Project("{8BC9CEB8-8B4A-11D0-8D11-00A0C91BC942}") = "filamat", "..\0\filament\libs\filamat\filamat.vcxproj", "{8D7E1E83-3BC3-3FE0-9342-2F4E46C32035}"
EndProject
Project("{8BC9CEB8-8B4A-11D0-8D11-00A0C91BC942}") = "filament", "..\0\filament\filament\filament.vcxproj", "{E3AE7DBD-42F8-3389-8781-01923CFE897A}"
EndProject
Project("{8BC9CEB8-8B4A-11D0-8D11-00A0C91BC942}") = "backend", "..\0\filament\filament\backend\backend.vcxproj", "{35E50C96-B325-3BEF-8DB9-8E2FB398C95F}"
EndProject
Project("{FAE04EC0-301F-11D3-BF4B-00C04F79EFBC}") = "CSViewer", "CSViewer\CSViewer.csproj", "{C8F4CA31-A01E-CF83-5066-372D9F61C3E4}"
EndProject
Global
	GlobalSection(SolutionConfigurationPlatforms) = preSolution
		Debug|Any CPU = Debug|Any CPU
		Debug|x64 = Debug|x64
		Debug|x86 = Debug|x86
		MinSizeRel|Any CPU = MinSizeRel|Any CPU
		MinSizeRel|x64 = MinSizeRel|x64
		MinSizeRel|x86 = MinSizeRel|x86
		Release|Any CPU = Release|Any CPU
		Release|x64 = Release|x64
		Release|x86 = Release|x86
		RelWithDebInfo|Any CPU = RelWithDebInfo|Any CPU
		RelWithDebInfo|x64 = RelWithDebInfo|x64
		RelWithDebInfo|x86 = RelWithDebInfo|x86
	EndGlobalSection
	GlobalSection(ProjectConfigurationPlatforms) = postSolution
		{C6B1C0B5-100C-3F6B-8994-E883BE28C88E}.Debug|Any CPU.ActiveCfg = Debug|x64
		{C6B1C0B5-100C-3F6B-8994-E883BE28C88E}.Debug|Any CPU.Build.0 = Debug|x64
		{C6B1C0B5-100C-3F6B-8994-E883BE28C88E}.Debug|x64.ActiveCfg = Debug|x64
		{C6B1C0B5-100C-3F6B-8994-E883BE28C88E}.Debug|x64.Build.0 = Debug|x64
		{C6B1C0B5-100C-3F6B-8994-E883BE28C88E}.Debug|x86.ActiveCfg = Debug|x64
		{C6B1C0B5-100C-3F6B-8994-E883BE28C88E}.Debug|x86.Build.0 = Debug|x64
		{C6B1C0B5-100C-3F6B-8994-E883BE28C88E}.MinSizeRel|Any CPU.ActiveCfg = MinSizeRel|x64
		{C6B1C0B5-100C-3F6B-8994-E883BE28C88E}.MinSizeRel|Any CPU.Build.0 = MinSizeRel|x64
		{C6B1C0B5-100C-3F6B-8994-E883BE28C88E}.MinSizeRel|x64.ActiveCfg = MinSizeRel|x64
		{C6B1C0B5-100C-3F6B-8994-E883BE28C88E}.MinSizeRel|x64.Build.0 = MinSizeRel|x64
		{C6B1C0B5-100C-3F6B-8994-E883BE28C88E}.MinSizeRel|x86.ActiveCfg = MinSizeRel|x64
		{C6B1C0B5-100C-3F6B-8994-E883BE28C88E}.MinSizeRel|x86.Build.0 = MinSizeRel|x64
		{C6B1C0B5-100C-3F6B-8994-E883BE28C88E}.Release|Any CPU.ActiveCfg = Release|x64
		{C6B1C0B5-100C-3F6B-8994-E883BE28C88E}.Release|Any CPU.Build.0 = Release|x64
		{C6B1C0B5-100C-3F6B-8994-E883BE28C88E}.Release|x64.ActiveCfg = Release|x64
		{C6B1C0B5-100C-3F6B-8994-E883BE28C88E}.Release|x64.Build.0 = Release|x64
		{C6B1C0B5-100C-3F6B-8994-E883BE28C88E}.Release|x86.ActiveCfg = Release|x64
		{C6B1C0B5-100C-3F6B-8994-E883BE28C88E}.Release|x86.Build.0 = Release|x64
		{C6B1C0B5-100C-3F6B-8994-E883BE28C88E}.RelWithDebInfo|Any CPU.ActiveCfg = RelWithDebInfo|x64
		{C6B1C0B5-100C-3F6B-8994-E883BE28C88E}.RelWithDebInfo|Any CPU.Build.0 = RelWithDebInfo|x64
		{C6B1C0B5-100C-3F6B-8994-E883BE28C88E}.RelWithDebInfo|x64.ActiveCfg = RelWithDebInfo|x64
		{C6B1C0B5-100C-3F6B-8994-E883BE28C88E}.RelWithDebInfo|x64.Build.0 = RelWithDebInfo|x64
		{C6B1C0B5-100C-3F6B-8994-E883BE28C88E}.RelWithDebInfo|x86.ActiveCfg = RelWithDebInfo|x64
		{C6B1C0B5-100C-3F6B-8994-E883BE28C88E}.RelWithDebInfo|x86.Build.0 = RelWithDebInfo|x64
		{1AF8D22A-EDCB-3D96-A1AA-3C82A277FD26}.Debug|Any CPU.ActiveCfg = Debug|x64
		{1AF8D22A-EDCB-3D96-A1AA-3C82A277FD26}.Debug|Any CPU.Build.0 = Debug|x64
		{1AF8D22A-EDCB-3D96-A1AA-3C82A277FD26}.Debug|x64.ActiveCfg = Debug|x64
		{1AF8D22A-EDCB-3D96-A1AA-3C82A277FD26}.Debug|x64.Build.0 = Debug|x64
		{1AF8D22A-EDCB-3D96-A1AA-3C82A277FD26}.Debug|x86.ActiveCfg = Debug|x64
		{1AF8D22A-EDCB-3D96-A1AA-3C82A277FD26}.Debug|x86.Build.0 = Debug|x64
		{1AF8D22A-EDCB-3D96-A1AA-3C82A277FD26}.MinSizeRel|Any CPU.ActiveCfg = MinSizeRel|x64
		{1AF8D22A-EDCB-3D96-A1AA-3C82A277FD26}.MinSizeRel|Any CPU.Build.0 = MinSizeRel|x64
		{1AF8D22A-EDCB-3D96-A1AA-3C82A277FD26}.MinSizeRel|x64.ActiveCfg = MinSizeRel|x64
		{1AF8D22A-EDCB-3D96-A1AA-3C82A277FD26}.MinSizeRel|x64.Build.0 = MinSizeRel|x64
		{1AF8D22A-EDCB-3D96-A1AA-3C82A277FD26}.MinSizeRel|x86.ActiveCfg = MinSizeRel|x64
		{1AF8D22A-EDCB-3D96-A1AA-3C82A277FD26}.MinSizeRel|x86.Build.0 = MinSizeRel|x64
		{1AF8D22A-EDCB-3D96-A1AA-3C82A277FD26}.Release|Any CPU.ActiveCfg = Release|x64
		{1AF8D22A-EDCB-3D96-A1AA-3C82A277FD26}.Release|Any CPU.Build.0 = Release|x64
		{1AF8D22A-EDCB-3D96-A1AA-3C82A277FD26}.Release|x64.ActiveCfg = Release|x64
		{1AF8D22A-EDCB-3D96-A1AA-3C82A277FD26}.Release|x64.Build.0 = Release|x64
		{1AF8D22A-EDCB-3D96-A1AA-3C82A277FD26}.Release|x86.ActiveCfg = Release|x64
		{1AF8D22A-EDCB-3D96-A1AA-3C82A277FD26}.Release|x86.Build.0 = Release|x64
		{1AF8D22A-EDCB-3D96-A1AA-3C82A277FD26}.RelWithDebInfo|Any CPU.ActiveCfg = RelWithDebInfo|x64
		{1AF8D22A-EDCB-3D96-A1AA-3C82A277FD26}.RelWithDebInfo|Any CPU.Build.0 = RelWithDebInfo|x64
		{1AF8D22A-EDCB-3D96-A1AA-3C82A277FD26}.RelWithDebInfo|x64.ActiveCfg = RelWithDebInfo|x64
		{1AF8D22A-EDCB-3D96-A1AA-3C82A277FD26}.RelWithDebInfo|x64.Build.0 = RelWithDebInfo|x64
		{1AF8D22A-EDCB-3D96-A1AA-3C82A277FD26}.RelWithDebInfo|x86.ActiveCfg = RelWithDebInfo|x64
		{1AF8D22A-EDCB-3D96-A1AA-3C82A277FD26}.RelWithDebInfo|x86.Build.0 = RelWithDebInfo|x64
		{8D7E1E83-3BC3-3FE0-9342-2F4E46C32035}.Debug|Any CPU.ActiveCfg = Debug|x64
		{8D7E1E83-3BC3-3FE0-9342-2F4E46C32035}.Debug|Any CPU.Build.0 = Debug|x64
		{8D7E1E83-3BC3-3FE0-9342-2F4E46C32035}.Debug|x64.ActiveCfg = Debug|x64
		{8D7E1E83-3BC3-3FE0-9342-2F4E46C32035}.Debug|x64.Build.0 = Debug|x64
		{8D7E1E83-3BC3-3FE0-9342-2F4E46C32035}.Debug|x86.ActiveCfg = Debug|x64
		{8D7E1E83-3BC3-3FE0-9342-2F4E46C32035}.Debug|x86.Build.0 = Debug|x64
		{8D7E1E83-3BC3-3FE0-9342-2F4E46C32035}.MinSizeRel|Any CPU.ActiveCfg = MinSizeRel|x64
		{8D7E1E83-3BC3-3FE0-9342-2F4E46C32035}.MinSizeRel|Any CPU.Build.0 = MinSizeRel|x64
		{8D7E1E83-3BC3-3FE0-9342-2F4E46C32035}.MinSizeRel|x64.ActiveCfg = MinSizeRel|x64
		{8D7E1E83-3BC3-3FE0-9342-2F4E46C32035}.MinSizeRel|x64.Build.0 = MinSizeRel|x64
		{8D7E1E83-3BC3-3FE0-9342-2F4E46C32035}.MinSizeRel|x86.ActiveCfg = MinSizeRel|x64
		{8D7E1E83-3BC3-3FE0-9342-2F4E46C32035}.MinSizeRel|x86.Build.0 = MinSizeRel|x64
		{8D7E1E83-3BC3-3FE0-9342-2F4E46C32035}.Release|Any CPU.ActiveCfg = Release|x64
		{8D7E1E83-3BC3-3FE0-9342-2F4E46C32035}.Release|Any CPU.Build.0 = Release|x64
		{8D7E1E83-3BC3-3FE0-9342-2F4E46C32035}.Release|x64.ActiveCfg = Release|x64
		{8D7E1E83-3BC3-3FE0-9342-2F4E46C32035}.Release|x64.Build.0 = Release|x64
		{8D7E1E83-3BC3-3FE0-9342-2F4E46C32035}.Release|x86.ActiveCfg = Release|x64
		{8D7E1E83-3BC3-3FE0-9342-2F4E46C32035}.Release|x86.Build.0 = Release|x64
		{8D7E1E83-3BC3-3FE0-9342-2F4E46C32035}.RelWithDebInfo|Any CPU.ActiveCfg = RelWithDebInfo|x64
		{8D7E1E83-3BC3-3FE0-9342-2F4E46C32035}.RelWithDebInfo|Any CPU.Build.0 = RelWithDebInfo|x64
		{8D7E1E83-3BC3-3FE0-9342-2F4E46C32035}.RelWithDebInfo|x64.ActiveCfg = RelWithDebInfo|x64
		{8D7E1E83-3BC3-3FE0-9342-2F4E46C32035}.RelWithDebInfo|x64.Build.0 = RelWithDebInfo|x64
		{8D7E1E83-3BC3-3FE0-9342-2F4E46C32035}.RelWithDebInfo|x86.ActiveCfg = RelWithDebInfo|x64
		{8D7E1E83-3BC3-3FE0-9342-2F4E46C32035}.RelWithDebInfo|x86.Build.0 = RelWithDebInfo|x64
		{E3AE7DBD-42F8-3389-8781-01923CFE897A}.Debug|Any CPU.ActiveCfg = Debug|x64
		{E3AE7DBD-42F8-3389-8781-01923CFE897A}.Debug|Any CPU.Build.0 = Debug|x64
		{E3AE7DBD-42F8-3389-8781-01923CFE897A}.Debug|x64.ActiveCfg = Debug|x64
		{E3AE7DBD-42F8-3389-8781-01923CFE897A}.Debug|x64.Build.0 = Debug|x64
		{E3AE7DBD-42F8-3389-8781-01923CFE897A}.Debug|x86.ActiveCfg = Debug|x64
		{E3AE7DBD-42F8-3389-8781-01923CFE897A}.Debug|x86.Build.0 = Debug|x64
		{E3AE7DBD-42F8-3389-8781-01923CFE897A}.MinSizeRel|Any CPU.ActiveCfg = MinSizeRel|x64
		{E3AE7DBD-42F8-3389-8781-01923CFE897A}.MinSizeRel|Any CPU.Build.0 = MinSizeRel|x64
		{E3AE7DBD-42F8-3389-8781-01923CFE897A}.MinSizeRel|x64.ActiveCfg = MinSizeRel|x64
		{E3AE7DBD-42F8-3389-8781-01923CFE897A}.MinSizeRel|x64.Build.0 = MinSizeRel|x64
		{E3AE7DBD-42F8-3389-8781-01923CFE897A}.MinSizeRel|x86.ActiveCfg = MinSizeRel|x64
		{E3AE7DBD-42F8-3389-8781-01923CFE897A}.MinSizeRel|x86.Build.0 = MinSizeRel|x64
		{E3AE7DBD-42F8-3389-8781-01923CFE897A}.Release|Any CPU.ActiveCfg = Release|x64
		{E3AE7DBD-42F8-3389-8781-01923CFE897A}.Release|Any CPU.Build.0 = Release|x64
		{E3AE7DBD-42F8-3389-8781-01923CFE897A}.Release|x64.ActiveCfg = Release|x64
		{E3AE7DBD-42F8-3389-8781-01923CFE897A}.Release|x64.Build.0 = Release|x64
		{E3AE7DBD-42F8-3389-8781-01923CFE897A}.Release|x86.ActiveCfg = Release|x64
		{E3AE7DBD-42F8-3389-8781-01923CFE897A}.Release|x86.Build.0 = Release|x64
		{E3AE7DBD-42F8-3389-8781-01923CFE897A}.RelWithDebInfo|Any CPU.ActiveCfg = RelWithDebInfo|x64
		{E3AE7DBD-42F8-3389-8781-01923CFE897A}.RelWithDebInfo|Any CPU.Build.0 = RelWithDebInfo|x64
		{E3AE7DBD-42F8-3389-8781-01923CFE897A}.RelWithDebInfo|x64.ActiveCfg = RelWithDebInfo|x64
		{E3AE7DBD-42F8-3389-8781-01923CFE897A}.RelWithDebInfo|x64.Build.0 = RelWithDebInfo|x64
		{E3AE7DBD-42F8-3389-8781-01923CFE897A}.RelWithDebInfo|x86.ActiveCfg = RelWithDebInfo|x64
		{E3AE7DBD-42F8-3389-8781-01923CFE897A}.RelWithDebInfo|x86.Build.0 = RelWithDebInfo|x64
		{35E50C96-B325-3BEF-8DB9-8E2FB398C95F}.Debug|Any CPU.ActiveCfg = Debug|x64
		{35E50C96-B325-3BEF-8DB9-8E2FB398C95F}.Debug|Any CPU.Build.0 = Debug|x64
		{35E50C96-B325-3BEF-8DB9-8E2FB398C95F}.Debug|x64.ActiveCfg = Debug|x64
		{35E50C96-B325-3BEF-8DB9-8E2FB398C95F}.Debug|x64.Build.0 = Debug|x64
		{35E50C96-B325-3BEF-8DB9-8E2FB398C95F}.Debug|x86.ActiveCfg = Debug|x64
		{35E50C96-B325-3BEF-8DB9-8E2FB398C95F}.Debug|x86.Build.0 = Debug|x64
		{35E50C96-B325-3BEF-8DB9-8E2FB398C95F}.MinSizeRel|Any CPU.ActiveCfg = MinSizeRel|x64
		{35E50C96-B325-3BEF-8DB9-8E2FB398C95F}.MinSizeRel|Any CPU.Build.0 = MinSizeRel|x64
		{35E50C96-B325-3BEF-8DB9-8E2FB398C95F}.MinSizeRel|x64.ActiveCfg = MinSizeRel|x64
		{35E50C96-B325-3BEF-8DB9-8E2FB398C95F}.MinSizeRel|x64.Build.0 = MinSizeRel|x64
		{35E50C96-B325-3BEF-8DB9-8E2FB398C95F}.MinSizeRel|x86.ActiveCfg = MinSizeRel|x64
		{35E50C96-B325-3BEF-8DB9-8E2FB398C95F}.MinSizeRel|x86.Build.0 = MinSizeRel|x64
		{35E50C96-B325-3BEF-8DB9-8E2FB398C95F}.Release|Any CPU.ActiveCfg = Release|x64
		{35E50C96-B325-3BEF-8DB9-8E2FB398C95F}.Release|Any CPU.Build.0 = Release|x64
		{35E50C96-B325-3BEF-8DB9-8E2FB398C95F}.Release|x64.ActiveCfg = Release|x64
		{35E50C96-B325-3BEF-8DB9-8E2FB398C95F}.Release|x64.Build.0 = Release|x64
		{35E50C96-B325-3BEF-8DB9-8E2FB398C95F}.Release|x86.ActiveCfg = Release|x64
		{35E50C96-B325-3BEF-8DB9-8E2FB398C95F}.Release|x86.Build.0 = Release|x64
		{35E50C96-B325-3BEF-8DB9-8E2FB398C95F}.RelWithDebInfo|Any CPU.ActiveCfg = RelWithDebInfo|x64
		{35E50C96-B325-3BEF-8DB9-8E2FB398C95F}.RelWithDebInfo|Any CPU.Build.0 = RelWithDebInfo|x64
		{35E50C96-B325-3BEF-8DB9-8E2FB398C95F}.RelWithDebInfo|x64.ActiveCfg = RelWithDebInfo|x64
		{35E50C96-B325-3BEF-8DB9-8E2FB398C95F}.RelWithDebInfo|x64.Build.0 = RelWithDebInfo|x64
		{35E50C96-B325-3BEF-8DB9-8E2FB398C95F}.RelWithDebInfo|x86.ActiveCfg = RelWithDebInfo|x64
		{35E50C96-B325-3BEF-8DB9-8E2FB398C95F}.RelWithDebInfo|x86.Build.0 = RelWithDebInfo|x64
		{C8F4CA31-A01E-CF83-5066-372D9F61C3E4}.Debug|Any CPU.ActiveCfg = Debug|Any CPU
		{C8F4CA31-A01E-CF83-5066-372D9F61C3E4}.Debug|Any CPU.Build.0 = Debug|Any CPU
		{C8F4CA31-A01E-CF83-5066-372D9F61C3E4}.Debug|x64.ActiveCfg = Debug|Any CPU
		{C8F4CA31-A01E-CF83-5066-372D9F61C3E4}.Debug|x64.Build.0 = Debug|Any CPU
		{C8F4CA31-A01E-CF83-5066-372D9F61C3E4}.Debug|x86.ActiveCfg = Debug|Any CPU
		{C8F4CA31-A01E-CF83-5066-372D9F61C3E4}.Debug|x86.Build.0 = Debug|Any CPU
		{C8F4CA31-A01E-CF83-5066-372D9F61C3E4}.MinSizeRel|Any CPU.ActiveCfg = Release|Any CPU
		{C8F4CA31-A01E-CF83-5066-372D9F61C3E4}.MinSizeRel|Any CPU.Build.0 = Release|Any CPU
		{C8F4CA31-A01E-CF83-5066-372D9F61C3E4}.MinSizeRel|x64.ActiveCfg = Release|Any CPU
		{C8F4CA31-A01E-CF83-5066-372D9F61C3E4}.MinSizeRel|x64.Build.0 = Release|Any CPU
		{C8F4CA31-A01E-CF83-5066-372D9F61C3E4}.MinSizeRel|x86.ActiveCfg = Release|Any CPU
		{C8F4CA31-A01E-CF83-5066-372D9F61C3E4}.MinSizeRel|x86.Build.0 = Release|Any CPU
		{C8F4CA31-A01E-CF83-5066-372D9F61C3E4}.Release|Any CPU.ActiveCfg = Release|Any CPU
		{C8F4CA31-A01E-CF83-5066-372D9F61C3E4}.Release|Any CPU.Build.0 = Release|Any CPU
		{C8F4CA31-A01E-CF83-5066-372D9F61C3E4}.Release|x64.ActiveCfg = Release|Any CPU
		{C8F4CA31-A01E-CF83-5066-372D9F61C3E4}.Release|x64.Build.0 = Release|Any CPU
		{C8F4CA31-A01E-CF83-5066-372D9F61C3E4}.Release|x86.ActiveCfg = Release|Any CPU
		{C8F4CA31-A01E-CF83-5066-372D9F61C3E4}.Release|x86.Build.0 = Release|Any CPU
		{C8F4CA31-A01E-CF83-5066-372D9F61C3E4}.RelWithDebInfo|Any CPU.ActiveCfg = Debug|Any CPU
		{C8F4CA31-A01E-CF83-5066-372D9F61C3E4}.RelWithDebInfo|Any CPU.Build.0 = Debug|Any CPU
		{C8F4CA31-A01E-CF83-5066-372D9F61C3E4}.RelWithDebInfo|x64.ActiveCfg = Debug|Any CPU
		{C8F4CA31-A01E-CF83-5066-372D9F61C3E4}.RelWithDebInfo|x64.Build.0 = Debug|Any CPU
		{C8F4CA31-A01E-CF83-5066-372D9F61C3E4}.RelWithDebInfo|x86.ActiveCfg = Debug|Any CPU
		{C8F4CA31-A01E-CF83-5066-372D9F61C3E4}.RelWithDebInfo|x86.Build.0 = Debug|Any CPU
	EndGlobalSection
	GlobalSection(SolutionProperties) = preSolution
		HideSolutionNode = FALSE
	EndGlobalSection
	GlobalSection(ExtensibilityGlobals) = postSolution
		SolutionGuid = {128A2DF7-43F6-417A-AC40-1D96182142D2}
	EndGlobalSection
EndGlobal
